
Microsoft Visual Studio Solution File, Format Version 12.00
Project("{FAE04EC0-301F-11D3-BF4B-00C04F79EFBC}") = "ObjectOrientedDTSP", "ObjectOrientedDTSP\ObjectOrientedDTSP.csproj", "{39D28D67-174E-472E-93BF-11E7DC6FD39F}"
EndProject
Project("{FAE04EC0-301F-11D3-BF4B-00C04F79EFBC}") = "ObjectOrientedDTSP.DesignPrinciples", "ObjectOrientedDTSP.DesignPrinciples\ObjectOrientedDTSP.DesignPrinciples.csproj", "{F28090F6-0F97-4D75-896E-A6E3AB437450}"
EndProject
Global
	GlobalSection(SolutionConfigurationPlatforms) = preSolution
		Debug|Any CPU = Debug|Any CPU
		Release|Any CPU = Release|Any CPU
	EndGlobalSection
	GlobalSection(ProjectConfigurationPlatforms) = postSolution
		{39D28D67-174E-472E-93BF-11E7DC6FD39F}.Debug|Any CPU.ActiveCfg = Debug|Any CPU
		{39D28D67-174E-472E-93BF-11E7DC6FD39F}.Debug|Any CPU.Build.0 = Debug|Any CPU
		{39D28D67-174E-472E-93BF-11E7DC6FD39F}.Release|Any CPU.ActiveCfg = Release|Any CPU
		{39D28D67-174E-472E-93BF-11E7DC6FD39F}.Release|Any CPU.Build.0 = Release|Any CPU
		{F28090F6-0F97-4D75-896E-A6E3AB437450}.Debug|Any CPU.ActiveCfg = Debug|Any CPU
		{F28090F6-0F97-4D75-896E-A6E3AB437450}.Debug|Any CPU.Build.0 = Debug|Any CPU
		{F28090F6-0F97-4D75-896E-A6E3AB437450}.Release|Any CPU.ActiveCfg = Release|Any CPU
		{F28090F6-0F97-4D75-896E-A6E3AB437450}.Release|Any CPU.Build.0 = Release|Any CPU
	EndGlobalSection
EndGlobal
